
Microsoft Visual Studio Solution File, Format Version 12.00
# Visual Studio 15
VisualStudioVersion = 15.0.28307.1758
MinimumVisualStudioVersion = 10.0.40219.1
Project("{8BC9CEB8-8B4A-11D0-8D11-00A0C91BC942}") = "Project1", "Project1\Project1.vcxproj", "{BA38B7E0-5AC5-431C-94D6-846452555374}"
EndProject
Project("{8BC9CEB8-8B4A-11D0-8D11-00A0C91BC942}") = "Project2", "Project2\Project2.vcxproj", "{D60A8C94-341C-4FDB-B564-9CBABEB5094D}"
EndProject
Global
	GlobalSection(SolutionConfigurationPlatforms) = preSolution
		Debug|x64 = Debug|x64
		Debug|x86 = Debug|x86
		Release|x64 = Release|x64
		Release|x86 = Release|x86
	EndGlobalSection
	GlobalSection(ProjectConfigurationPlatforms) = postSolution
		{BA38B7E0-5AC5-431C-94D6-846452555374}.Debug|x64.ActiveCfg = Debug|x64
		{BA38B7E0-5AC5-431C-94D6-846452555374}.Debug|x64.Build.0 = Debug|x64
		{BA38B7E0-5AC5-431C-94D6-846452555374}.Debug|x86.ActiveCfg = Debug|Win32
		{BA38B7E0-5AC5-431C-94D6-846452555374}.Debug|x86.Build.0 = Debug|Win32
		{BA38B7E0-5AC5-431C-94D6-846452555374}.Release|x64.ActiveCfg = Release|x64
		{BA38B7E0-5AC5-431C-94D6-846452555374}.Release|x64.Build.0 = Release|x64
		{BA38B7E0-5AC5-431C-94D6-846452555374}.Release|x86.ActiveCfg = Release|Win32
		{BA38B7E0-5AC5-431C-94D6-846452555374}.Release|x86.Build.0 = Release|Win32
		{D60A8C94-341C-4FDB-B564-9CBABEB5094D}.Debug|x64.ActiveCfg = Debug|x64
		{D60A8C94-341C-4FDB-B564-9CBABEB5094D}.Debug|x64.Build.0 = Debug|x64
		{D60A8C94-341C-4FDB-B564-9CBABEB5094D}.Debug|x86.ActiveCfg = Debug|Win32
		{D60A8C94-341C-4FDB-B564-9CBABEB5094D}.Debug|x86.Build.0 = Debug|Win32
		{D60A8C94-341C-4FDB-B564-9CBABEB5094D}.Release|x64.ActiveCfg = Release|x64
		{D60A8C94-341C-4FDB-B564-9CBABEB5094D}.Release|x64.Build.0 = Release|x64
		{D60A8C94-341C-4FDB-B564-9CBABEB5094D}.Release|x86.ActiveCfg = Release|Win32
		{D60A8C94-341C-4FDB-B564-9CBABEB5094D}.Release|x86.Build.0 = Release|Win32
	EndGlobalSection
	GlobalSection(SolutionProperties) = preSolution
		HideSolutionNode = FALSE
	EndGlobalSection
	GlobalSection(ExtensibilityGlobals) = postSolution
		SolutionGuid = {8AEB015C-12B8-427F-A8BB-84849E3F9E65}
	EndGlobalSection
EndGlobal
