
Microsoft Visual Studio Solution File, Format Version 12.00
# Visual Studio Version 16
VisualStudioVersion = 16.0.31624.102
MinimumVisualStudioVersion = 10.0.40219.1
Project("{8BC9CEB8-8B4A-11D0-8D11-00A0C91BC942}") = "Project1", "Project1\Project1.vcxproj", "{4B8A0627-48B2-4A99-9430-CB45A7EB28D9}"
EndProject
Project("{8BC9CEB8-8B4A-11D0-8D11-00A0C91BC942}") = "Project2", "Project2\Project2.vcxproj", "{BF141509-5905-47E3-B5A1-10CC1E00742A}"
EndProject
Project("{8BC9CEB8-8B4A-11D0-8D11-00A0C91BC942}") = "Project3", "Project3\Project3.vcxproj", "{E6B0CEE5-BA71-4702-9C9F-9560610B3966}"
EndProject
Global
	GlobalSection(SolutionConfigurationPlatforms) = preSolution
		Debug|x64 = Debug|x64
		Debug|x86 = Debug|x86
		Release|x64 = Release|x64
		Release|x86 = Release|x86
	EndGlobalSection
	GlobalSection(ProjectConfigurationPlatforms) = postSolution
		{4B8A0627-48B2-4A99-9430-CB45A7EB28D9}.Debug|x64.ActiveCfg = Debug|x64
		{4B8A0627-48B2-4A99-9430-CB45A7EB28D9}.Debug|x64.Build.0 = Debug|x64
		{4B8A0627-48B2-4A99-9430-CB45A7EB28D9}.Debug|x86.ActiveCfg = Debug|Win32
		{4B8A0627-48B2-4A99-9430-CB45A7EB28D9}.Debug|x86.Build.0 = Debug|Win32
		{4B8A0627-48B2-4A99-9430-CB45A7EB28D9}.Release|x64.ActiveCfg = Release|x64
		{4B8A0627-48B2-4A99-9430-CB45A7EB28D9}.Release|x64.Build.0 = Release|x64
		{4B8A0627-48B2-4A99-9430-CB45A7EB28D9}.Release|x86.ActiveCfg = Release|Win32
		{4B8A0627-48B2-4A99-9430-CB45A7EB28D9}.Release|x86.Build.0 = Release|Win32
		{BF141509-5905-47E3-B5A1-10CC1E00742A}.Debug|x64.ActiveCfg = Debug|x64
		{BF141509-5905-47E3-B5A1-10CC1E00742A}.Debug|x64.Build.0 = Debug|x64
		{BF141509-5905-47E3-B5A1-10CC1E00742A}.Debug|x86.ActiveCfg = Debug|Win32
		{BF141509-5905-47E3-B5A1-10CC1E00742A}.Debug|x86.Build.0 = Debug|Win32
		{BF141509-5905-47E3-B5A1-10CC1E00742A}.Release|x64.ActiveCfg = Release|x64
		{BF141509-5905-47E3-B5A1-10CC1E00742A}.Release|x64.Build.0 = Release|x64
		{BF141509-5905-47E3-B5A1-10CC1E00742A}.Release|x86.ActiveCfg = Release|Win32
		{BF141509-5905-47E3-B5A1-10CC1E00742A}.Release|x86.Build.0 = Release|Win32
		{E6B0CEE5-BA71-4702-9C9F-9560610B3966}.Debug|x64.ActiveCfg = Debug|x64
		{E6B0CEE5-BA71-4702-9C9F-9560610B3966}.Debug|x64.Build.0 = Debug|x64
		{E6B0CEE5-BA71-4702-9C9F-9560610B3966}.Debug|x86.ActiveCfg = Debug|Win32
		{E6B0CEE5-BA71-4702-9C9F-9560610B3966}.Debug|x86.Build.0 = Debug|Win32
		{E6B0CEE5-BA71-4702-9C9F-9560610B3966}.Release|x64.ActiveCfg = Release|x64
		{E6B0CEE5-BA71-4702-9C9F-9560610B3966}.Release|x64.Build.0 = Release|x64
		{E6B0CEE5-BA71-4702-9C9F-9560610B3966}.Release|x86.ActiveCfg = Release|Win32
		{E6B0CEE5-BA71-4702-9C9F-9560610B3966}.Release|x86.Build.0 = Release|Win32
	EndGlobalSection
	GlobalSection(SolutionProperties) = preSolution
		HideSolutionNode = FALSE
	EndGlobalSection
	GlobalSection(ExtensibilityGlobals) = postSolution
		SolutionGuid = {69B8FC2E-67F7-45DE-9EE4-E3FCE1F9B847}
	EndGlobalSection
EndGlobal
